{
  "version": 4,
  "terraform_version": "1.9.8",
  "serial": 21,
  "lineage": "5005b092-c41b-e4f5-7d0f-05a297279f1d",
  "outputs": {},
  "resources": [
    {
      "module": "module.infra_vapp",
      "mode": "managed",
      "type": "vcd_vapp",
      "name": "my_vapp",
      "provider": "provider[\"registry.terraform.io/vmware/vcd\"]",
      "instances": [
        {
          "schema_version": 0,
          "attributes": {
            "description": "",
            "guest_properties": null,
            "href": "https://ehcportal-sp.equinix.com.br/api/vApp/vapp-32aee7fd-21ad-4172-8af4-898af62a9b94",
            "id": "urn:vcloud:vapp:32aee7fd-21ad-4172-8af4-898af62a9b94",
            "inherited_metadata": {},
            "lease": [
              {
                "runtime_lease_in_sec": 0,
                "storage_lease_in_sec": 0
              }
            ],
            "metadata": {},
            "metadata_entry": [],
            "name": "lab-devops",
            "org": null,
            "power_on": true,
            "status": 4,
            "status_text": "POWERED_ON",
            "vapp_network_names": [],
            "vapp_org_network_names": [
              "LAN - 172.40.0.0/16 - PRD - HSPREVENT"
            ],
            "vdc": null,
            "vm_names": [
              "lab-devops-0",
              "lab-devops-1"
            ]
          },
          "sensitive_attributes": [],
          "private": "bnVsbA=="
        }
      ]
    },
    {
      "module": "module.infra_vapp",
      "mode": "managed",
      "type": "vcd_vapp_org_network",
      "name": "networks",
      "provider": "provider[\"registry.terraform.io/vmware/vcd\"]",
      "instances": [
        {
          "schema_version": 0,
          "attributes": {
            "id": "urn:vcloud:network:ed509382-9abe-4b5a-83eb-144153add1a4",
            "is_fenced": false,
            "org": null,
            "org_network_name": "LAN - 172.40.0.0/16 - PRD - HSPREVENT",
            "reboot_vapp_on_removal": false,
            "retain_ip_mac_enabled": false,
            "vapp_name": "lab-devops",
            "vdc": null
          },
          "sensitive_attributes": [],
          "private": "bnVsbA==",
          "dependencies": [
            "module.infra_vapp.vcd_vapp.my_vapp"
          ]
        }
      ]
    }
  ],
  "check_results": null
}
