{
  "version": 4,
  "terraform_version": "1.9.8",
  "serial": 65,
  "lineage": "5005b092-c41b-e4f5-7d0f-05a297279f1d",
  "outputs": {
    "vapp_name": {
      "value": "lab-devops",
      "type": "string"
    },
    "vm_ids": {
      "value": [
        "urn:vcloud:vm:9da07990-154b-44fd-8cf9-c52ce43f9eeb"
      ],
      "type": [
        "tuple",
        [
          "string"
        ]
      ]
    },
    "vm_names": {
      "value": [
        "pcn-teste-01"
      ],
      "type": [
        "tuple",
        [
          "string"
        ]
      ]
    }
  },
  "resources": [
    {
      "module": "module.infra_vapp",
      "mode": "data",
      "type": "vcd_catalog",
      "name": "catalog",
      "provider": "provider[\"registry.terraform.io/vmware/vcd\"]",
      "instances": [
        {
          "schema_version": 0,
          "attributes": {
            "cache_enabled": null,
            "catalog_version": 3,
            "created": "2025-10-07T13:02:02.982-03:00",
            "description": "",
            "filter": null,
            "href": "https://ehcportal-sp.equinix.com.br/api/admin/catalog/5239fb07-127b-4ef3-b2d4-a776836d785c",
            "id": "urn:vcloud:catalog:5239fb07-127b-4ef3-b2d4-a776836d785c",
            "is_local": true,
            "is_published": false,
            "is_shared": false,
            "media_item_list": [],
            "metadata": {},
            "metadata_entry": [],
            "name": "terraform",
            "number_of_media": 0,
            "number_of_vapp_templates": 1,
            "org": "HSPREVENTLTDA627268",
            "owner_name": "2623.andre",
            "preserve_identity_information": null,
            "publish_enabled": null,
            "publish_subscription_type": "UNPUBLISHED",
            "publish_subscription_url": null,
            "storage_profile_id": null,
            "vapp_template_list": [
              "Ubuntu Server 22.04 LTS"
            ]
          },
          "sensitive_attributes": []
        }
      ]
    },
    {
      "module": "module.infra_vapp",
      "mode": "data",
      "type": "vcd_catalog_vapp_template",
      "name": "template",
      "provider": "provider[\"registry.terraform.io/vmware/vcd\"]",
      "instances": [
        {
          "schema_version": 0,
          "attributes": {
            "catalog_id": "urn:vcloud:catalog:5239fb07-127b-4ef3-b2d4-a776836d785c",
            "catalog_item_id": "urn:vcloud:catalogitem:cf2daa25-a7e2-4097-a32a-5617bc3979df",
            "created": "2025-10-07T13:04:50.700-03:00",
            "description": "Updated 2024-07-12, Ubuntu Server 22.04.5 LTS, Open VM Tools 12.3.5.46049 (build-22544099), VM version 19",
            "filter": null,
            "id": "urn:vcloud:vapptemplate:0f3ec112-a176-4f68-a47e-c9993b3281e8",
            "inherited_metadata": {
              "vapp.origin.id": "cadbb6fd-17cc-45a1-8faa-2f8f6a61273c",
              "vapp.origin.name": "Ubuntu Server 22.04 LTS",
              "vapp.origin.type": "com.vmware.vcloud.entity.vapptemplate"
            },
            "lease": [
              {
                "storage_lease_in_sec": 0
              }
            ],
            "metadata": {},
            "metadata_entry": [],
            "name": "Ubuntu Server 22.04 LTS",
            "org": "HSPREVENTLTDA627268",
            "vdc_id": "urn:vcloud:vdc:faa289ee-d5b2-4da7-8cc4-678c2d351588",
            "vm_names": [
              "Ubuntu Server 22.04 LTS"
            ]
          },
          "sensitive_attributes": []
        }
      ]
    },
    {
      "module": "module.infra_vapp",
      "mode": "managed",
      "type": "vcd_vapp",
      "name": "my_vapp",
      "provider": "provider[\"registry.terraform.io/vmware/vcd\"]",
      "instances": [
        {
          "schema_version": 0,
          "attributes": {
            "description": "",
            "guest_properties": null,
            "href": "https://ehcportal-sp.equinix.com.br/api/vApp/vapp-75b20416-ddaf-4d86-9da8-0d23bb2753f5",
            "id": "urn:vcloud:vapp:75b20416-ddaf-4d86-9da8-0d23bb2753f5",
            "inherited_metadata": {},
            "lease": [
              {
                "runtime_lease_in_sec": 0,
                "storage_lease_in_sec": 0
              }
            ],
            "metadata": {},
            "metadata_entry": [],
            "name": "lab-devops",
            "org": null,
            "power_on": true,
            "status": 4,
            "status_text": "POWERED_ON",
            "vapp_network_names": [],
            "vapp_org_network_names": [
              "LAN - 172.40.0.0/16 - PRD - HSPREVENT"
            ],
            "vdc": null,
            "vm_names": []
          },
          "sensitive_attributes": [],
          "private": "bnVsbA=="
        }
      ]
    },
    {
      "module": "module.infra_vapp",
      "mode": "managed",
      "type": "vcd_vapp_org_network",
      "name": "network",
      "provider": "provider[\"registry.terraform.io/vmware/vcd\"]",
      "instances": [
        {
          "schema_version": 0,
          "attributes": {
            "id": "urn:vcloud:network:c7026329-8749-4198-8609-a8f877c6e189",
            "is_fenced": false,
            "org": null,
            "org_network_name": "LAN - 172.40.0.0/16 - PRD - HSPREVENT",
            "reboot_vapp_on_removal": false,
            "retain_ip_mac_enabled": false,
            "vapp_name": "lab-devops",
            "vdc": null
          },
          "sensitive_attributes": [],
          "private": "bnVsbA==",
          "dependencies": [
            "module.infra_vapp.vcd_vapp.my_vapp"
          ]
        }
      ]
    },
    {
      "module": "module.infra_vapp",
      "mode": "managed",
      "type": "vcd_vapp_vm",
      "name": "vms",
      "provider": "provider[\"registry.terraform.io/vmware/vcd\"]",
      "instances": [
        {
          "index_key": 0,
          "schema_version": 0,
          "attributes": {
            "accept_all_eulas": true,
            "boot_image": null,
            "boot_image_id": null,
            "boot_options": [
              {
                "boot_delay": 0,
                "boot_retry_delay": 10000,
                "boot_retry_enabled": false,
                "efi_secure_boot": false,
                "enter_bios_setup_on_next_boot": false
              }
            ],
            "catalog_name": null,
            "computer_name": "ubuntu2204",
            "consolidate_disks_on_create": false,
            "copy_from_vm_id": null,
            "cpu_cores": 1,
            "cpu_hot_add_enabled": false,
            "cpu_limit": null,
            "cpu_priority": "NORMAL",
            "cpu_reservation": null,
            "cpu_shares": 2000,
            "cpus": 2,
            "customization": [
              {
                "admin_password": "!#c!0ud#!",
                "allow_local_admin_password": true,
                "auto_generate_password": false,
                "change_sid": false,
                "enabled": true,
                "force": false,
                "initscript": "#!/usr/bin/env bash\nset -euo pipefail\n\nCONFIG_FILE=\"/etc/ssh/sshd_config\"\nBACKUP_FILE=\"/etc/ssh/sshd_config.bak.$(date +%F_%H-%M-%S)\"\n\n# Verifica se está rodando como root\nif [ \"$(id -u)\" -ne 0 ]; then\n  echo \"[ERRO] Este script precisa ser executado como root.\" \u003e\u00262\n  exit 1\nfi\n\necho \"[INFO] Criando backup em $BACKUP_FILE ...\"\ncp \"$CONFIG_FILE\" \"$BACKUP_FILE\"\n\n# Altera PermitRootLogin\nif grep -qE \"^#?PermitRootLogin\" \"$CONFIG_FILE\"; then\n  sed -i 's/^#\\?PermitRootLogin.*/PermitRootLogin yes/' \"$CONFIG_FILE\"\nelse\n  echo \"PermitRootLogin yes\" \u003e\u003e \"$CONFIG_FILE\"\nfi\n\n# Altera PasswordAuthentication\nif grep -qE \"^#?PasswordAuthentication\" \"$CONFIG_FILE\"; then\n  sed -i 's/^#\\?PasswordAuthentication.*/PasswordAuthentication yes/' \"$CONFIG_FILE\"\nelse\n  echo \"PasswordAuthentication yes\" \u003e\u003e \"$CONFIG_FILE\"\nfi\n\necho \"[INFO] Testando sintaxe do sshd ...\"\nsshd -t\n\necho \"[INFO] Reiniciando serviço SSH ...\"\nif command -v systemctl \u003e/dev/null 2\u003e\u00261; then\n  systemctl restart sshd\nelse\n  service ssh restart\nfi\n\necho \"[SUCESSO] Configuração aplicada. Root login e autenticação por senha ativados.\"\n\nsudo reboot now",
                "join_domain": false,
                "join_domain_account_ou": "",
                "join_domain_name": "",
                "join_domain_password": "",
                "join_domain_user": "",
                "join_org_domain": false,
                "must_change_password_on_first_login": false,
                "number_of_auto_logons": 0
              }
            ],
            "description": "Updated 2024-07-12, Ubuntu Server 22.04.5 LTS, Open VM Tools 12.3.5.46049 (build-22544099), VM version 19",
            "disk": [],
            "expose_hardware_virtualization": false,
            "extra_config": [
              {
                "key": "Log.rotateSize",
                "required": false,
                "value": "2048000"
              },
              {
                "key": "vmware.tools.requiredversion",
                "required": false,
                "value": "12448"
              },
              {
                "key": "RemoteDisplay.maxConnections",
                "required": true,
                "value": "1"
              },
              {
                "key": "sched.swap.derivedName",
                "required": false,
                "value": "/vmfs/volumes/68dd2bcf-8d8092d6-4e69-e4434bc40196/pcn-teste-01-FrRI/pcn-teste-01-FrRI-131b1d31.vswp"
              },
              {
                "key": "Isolation.tools.paste.disable",
                "required": true,
                "value": "TRUE"
              },
              {
                "key": "Log.keepOld",
                "required": false,
                "value": "10"
              },
              {
                "key": "nvram",
                "required": false,
                "value": "pcn-teste-01-FrRI.nvram"
              },
              {
                "key": "pciBridge5.present",
                "required": true,
                "value": "TRUE"
              },
              {
                "key": "pciBridge6.pciSlotNumber",
                "required": false,
                "value": "23"
              },
              {
                "key": "scsi0.sasWWID",
                "required": false,
                "value": "50 05 05 6a 1f 83 f0 80"
              },
              {
                "key": "pciBridge7.present",
                "required": true,
                "value": "TRUE"
              },
              {
                "key": "Mks.enable3d",
                "required": false,
                "value": "FALSE"
              },
              {
                "key": "pciBridge6.virtualDev",
                "required": false,
                "value": "pcieRootPort"
              },
              {
                "key": "migrate.migrationId",
                "required": false,
                "value": "3535163923269693958"
              },
              {
                "key": "migrate.hostLog",
                "required": false,
                "value": "pcn-teste-01-FrRI-7298b50f.hlog"
              },
              {
                "key": "tools.deploypkg.filename",
                "required": false,
                "value": "cust1780787618868458998.cab"
              },
              {
                "key": "pciBridge5.functions",
                "required": false,
                "value": "8"
              },
              {
                "key": "pciBridge7.pciSlotNumber",
                "required": false,
                "value": "24"
              },
              {
                "key": "pciBridge7.virtualDev",
                "required": false,
                "value": "pcieRootPort"
              },
              {
                "key": "migrate.hostLogState",
                "required": false,
                "value": "none"
              },
              {
                "key": "softPowerOff",
                "required": false,
                "value": "FALSE"
              },
              {
                "key": "RemoteDisplay.max.Connections",
                "required": true,
                "value": "1"
              },
              {
                "key": "numa.autosize.vcpu.maxPerVirtualNode",
                "required": false,
                "value": "2"
              },
              {
                "key": "sched.cpu.latencySensitivity",
                "required": false,
                "value": "normal"
              },
              {
                "key": "vmotion.checkpointFBSize",
                "required": false,
                "value": "4194304"
              },
              {
                "key": "Tools.guestlib.enableHostInfo",
                "required": false,
                "value": "false"
              },
              {
                "key": "vmotion.checkpointSVGAPrimarySize",
                "required": false,
                "value": "8388608"
              },
              {
                "key": "pciBridge0.present",
                "required": true,
                "value": "TRUE"
              },
              {
                "key": "pciBridge6.functions",
                "required": false,
                "value": "8"
              },
              {
                "key": "vmware.tools.internalversion",
                "required": false,
                "value": "12389"
              },
              {
                "key": "Isolation.tools.copy.disable",
                "required": true,
                "value": "TRUE"
              },
              {
                "key": "pciBridge5.virtualDev",
                "required": false,
                "value": "pcieRootPort"
              },
              {
                "key": "cloud.uuid",
                "required": false,
                "value": "3ffa9993-60c9-48ea-bf88-c332df8a3631"
              },
              {
                "key": "pciBridge4.present",
                "required": true,
                "value": "TRUE"
              },
              {
                "key": "Tolls.setInfo.sizeLimit",
                "required": false,
                "value": "1048576"
              },
              {
                "key": "vmotion.svga.mobMaxSize",
                "required": false,
                "value": "8388608"
              },
              {
                "key": "Tools.guest.desktop.autolock",
                "required": true,
                "value": "TRUE"
              },
              {
                "key": "pciBridge6.present",
                "required": true,
                "value": "TRUE"
              },
              {
                "key": "pciBridge4.pciSlotNumber",
                "required": false,
                "value": "21"
              },
              {
                "key": "hpet0.present",
                "required": true,
                "value": "TRUE"
              },
              {
                "key": "Isolation.tools.diskWiper.disable",
                "required": true,
                "value": "true"
              },
              {
                "key": "guestInfo.detailed.data",
                "required": false,
                "value": "architecture='X86' bitness='64' distroAddlVersion='22.04.4 LTS (Jammy Jellyfish)' distroName='Ubuntu' distroVersion='22.04' familyName='Linux' kernelVersion='5.15.0-113-generic' prettyName='Ubuntu 22.04.4 LTS'"
              },
              {
                "key": "numa.autosize.cookie",
                "required": false,
                "value": "20012"
              },
              {
                "key": "vmotion.svga.graphicsMemoryKB",
                "required": false,
                "value": "8192"
              },
              {
                "key": "monitor.phys_bits_used",
                "required": false,
                "value": "45"
              },
              {
                "key": "svga.present",
                "required": true,
                "value": "TRUE"
              },
              {
                "key": "vmxstats.filename",
                "required": false,
                "value": "pcn-teste-01-FrRI.scoreboard"
              },
              {
                "key": "pciBridge0.pciSlotNumber",
                "required": false,
                "value": "17"
              },
              {
                "key": "ethernet0.pciSlotNumber",
                "required": false,
                "value": "192"
              },
              {
                "key": "pciBridge7.functions",
                "required": false,
                "value": "8"
              },
              {
                "key": "scsi0.pciSlotNumber",
                "required": false,
                "value": "160"
              },
              {
                "key": "pciBridge5.pciSlotNumber",
                "required": false,
                "value": "22"
              },
              {
                "key": "Isolation.tools.diskShirink.disable",
                "required": true,
                "value": "true"
              },
              {
                "key": "svga.guestBackedPrimaryAware",
                "required": true,
                "value": "TRUE"
              },
              {
                "key": "viv.moid",
                "required": false,
                "value": "8646835c-eaff-493b-a72d-4c3eafdd22b3:vm-620888:FR/N/l17v34tMTgMxnlDTIBUNNypNBSf7bKu5A3cYs8="
              },
              {
                "key": "toolsInstallManager.updateCounter",
                "required": true,
                "value": "1"
              },
              {
                "key": "scsi0:0.redo",
                "required": false,
                "value": ""
              },
              {
                "key": "guestinfo.ovfEnv",
                "required": false,
                "value": ""
              },
              {
                "key": "pciBridge4.virtualDev",
                "required": false,
                "value": "pcieRootPort"
              },
              {
                "key": "pciBridge4.functions",
                "required": false,
                "value": "8"
              }
            ],
            "firmware": "bios",
            "guest_properties": {
              "user-data": "I2Nsb3VkLWNvbmZpZwpwYXNzd29yZDogISNjITB1ZCMhCmNocGFzc3dkOgogIGxpc3Q6IHwKICAgIHJvb3Q6ISNjITB1ZCMhCiAgZXhwaXJlOiBGYWxzZQoKcnVuY21kOgogIC0gY2htb2QgK3ggL3Jvb3Qvc2V0dXAuc2gKICAtIC9yb290L3NldHVwLnNoCg=="
            },
            "hardware_version": "vmx-19",
            "href": "https://ehcportal-sp.equinix.com.br/api/vApp/vm-9da07990-154b-44fd-8cf9-c52ce43f9eeb",
            "id": "urn:vcloud:vm:9da07990-154b-44fd-8cf9-c52ce43f9eeb",
            "imported": false,
            "inherited_metadata": {
              "vm.origin.id": "8cbc136f-fbe0-4010-9082-d63127e6fe15",
              "vm.origin.name": "Ubuntu Server 22.04 LTS",
              "vm.origin.type": "com.vmware.vcloud.entity.vm"
            },
            "internal_disk": [
              {
                "bus_number": 0,
                "bus_type": "paravirtual",
                "disk_id": "2000",
                "iops": 0,
                "size_in_mb": 51200,
                "storage_profile": "EHC-DM-VHD",
                "thin_provisioned": false,
                "unit_number": 0
              }
            ],
            "memory": 4096,
            "memory_hot_add_enabled": false,
            "memory_limit": null,
            "memory_priority": "NORMAL",
            "memory_reservation": 4096,
            "memory_shares": 40960,
            "metadata": {},
            "metadata_entry": [],
            "name": "pcn-teste-01",
            "network": [
              {
                "adapter_type": "VMXNET3",
                "connected": true,
                "ip": "172.40.0.19",
                "ip_allocation_mode": "POOL",
                "is_primary": true,
                "mac": "00:50:56:01:67:50",
                "name": "LAN - 172.40.0.0/16 - PRD - HSPREVENT",
                "secondary_ip": "",
                "secondary_ip_allocation_mode": "NONE",
                "type": "org"
              }
            ],
            "network_dhcp_wait_seconds": null,
            "org": null,
            "os_type": "ubuntu64Guest",
            "override_template_disk": [],
            "placement_policy_id": "urn:vcloud:vdcComputePolicy:672b85cd-a358-4bcd-9ce9-f54492c3233b",
            "power_on": true,
            "prevent_update_power_off": false,
            "security_tags": [],
            "set_extra_config": [],
            "sizing_policy_id": "",
            "status": 4,
            "status_text": "POWERED_ON",
            "storage_profile": "EHC-DM-VHD",
            "template_name": null,
            "vapp_id": "urn:vcloud:vapp:75b20416-ddaf-4d86-9da8-0d23bb2753f5",
            "vapp_name": "lab-devops",
            "vapp_template_id": "urn:vcloud:vapptemplate:0f3ec112-a176-4f68-a47e-c9993b3281e8",
            "vdc": "HSPREVENTL-0975-DM-VDC",
            "vm_name_in_template": null,
            "vm_type": "vcd_vapp_vm"
          },
          "sensitive_attributes": [
            [
              {
                "type": "get_attr",
                "value": "customization"
              },
              {
                "type": "index",
                "value": {
                  "value": 0,
                  "type": "number"
                }
              },
              {
                "type": "get_attr",
                "value": "join_domain_password"
              }
            ],
            [
              {
                "type": "get_attr",
                "value": "customization"
              },
              {
                "type": "index",
                "value": {
                  "value": 0,
                  "type": "number"
                }
              },
              {
                "type": "get_attr",
                "value": "admin_password"
              }
            ],
            [
              {
                "type": "get_attr",
                "value": "guest_properties"
              },
              {
                "type": "index",
                "value": {
                  "value": "user-data",
                  "type": "string"
                }
              }
            ]
          ],
          "private": "bnVsbA==",
          "dependencies": [
            "module.infra_vapp.data.vcd_catalog.catalog",
            "module.infra_vapp.data.vcd_catalog_vapp_template.template",
            "module.infra_vapp.vcd_vapp.my_vapp"
          ]
        }
      ]
    }
  ],
  "check_results": null
}
